# THIS IS AN AUTOGENERATED FILE. DO NOT EDIT THIS FILE DIRECTLY.
# yarn lockfile v1


"@types/deep-equal@^1.0.1":
  version "1.0.1"
  resolved "https://registry.yarnpkg.com/@types/deep-equal/-/deep-equal-1.0.1.tgz#71cfabb247c22bcc16d536111f50c0ed12476b03"

"@types/node@^10.12.1":
  version "10.12.1"
  resolved "https://registry.yarnpkg.com/@types/node/-/node-10.12.1.tgz#da61b64a2930a80fa708e57c45cd5441eb379d5b"

deep-equal@^1.0.1:
  version "1.0.1"
  resolved "https://registry.yarnpkg.com/deep-equal/-/deep-equal-1.0.1.tgz#f5d260292b660e084eff4cdbc9f08ad3247448b5"

typescript@^3.1.5:
  version "3.1.5"
  resolved "https://registry.yarnpkg.com/typescript/-/typescript-3.1.5.tgz#93d8b6864375325a91177372cb370ae0ae3a0703"
